// !$*UTF8*$!
{
	archiveVersion = 1;
	classes = {
	};
	objectVersion = 46;
	objects = {

/* Begin PBXBuildFile section */
		C9C45278C18D240E8D7B94DB /* TextMessage.swift in Sources */ = {isa = PBXBuildFile; fileRef = C9C45FAB4653DA28CD5EC102 /* TextMessage.swift */; };
		C9C45478EC04698409888BD6 /* main.swift in Sources */ = {isa = PBXBuildFile; fileRef = C9C45E50374EC34858E6D6F8 /* main.swift */; };
		C9C454C60F723E5AFA11F7B7 /* BotCommands.swift in Sources */ = {isa = PBXBuildFile; fileRef = C9C4507F6CFB5777B934F165 /* BotCommands.swift */; };
		C9C455343D39939C08736F60 /* Game.swift in Sources */ = {isa = PBXBuildFile; fileRef = C9C45FAE807CC00F31DBCB8C /* Game.swift */; };
		C9C4571D82BA5766CEFA716C /* IcqApiHandler.swift in Sources */ = {isa = PBXBuildFile; fileRef = C9C452A273B950449F65B6EB /* IcqApiHandler.swift */; };
		C9C45C403F4F83A05BC643DE /* GameModel.swift in Sources */ = {isa = PBXBuildFile; fileRef = C9C45190620DD538E12B7B0D /* GameModel.swift */; };
		C9C45CA160707B978D7AD522 /* Bot.swift in Sources */ = {isa = PBXBuildFile; fileRef = C9C4537102E9C9FDEBEA794B /* Bot.swift */; };
		C9C45CCA7A281CFF517E9B85 /* Event.swift in Sources */ = {isa = PBXBuildFile; fileRef = C9C4547F1BCB159E72524405 /* Event.swift */; };
		F0C96AFFC35E8175D684B4BB /* Pods_lastobot.framework in Frameworks */ = {isa = PBXBuildFile; fileRef = 8EE5A5AE277BBB31B332D9A4 /* Pods_lastobot.framework */; };
/* End PBXBuildFile section */

/* Begin PBXCopyFilesBuildPhase section */
		C9C45E5247E48354F70231A8 /* CopyFiles */ = {
			isa = PBXCopyFilesBuildPhase;
			buildActionMask = 2147483647;
			dstPath = /usr/share/man/man1/;
			dstSubfolderSpec = 0;
			files = (
			);
			runOnlyForDeploymentPostprocessing = 1;
		};
/* End PBXCopyFilesBuildPhase section */

/* Begin PBXFileReference section */
		17295AE4D3584C2AA84C874F /* Pods-lastobot.release.xcconfig */ = {isa = PBXFileReference; includeInIndex = 1; lastKnownFileType = text.xcconfig; name = "Pods-lastobot.release.xcconfig"; path = "Target Support Files/Pods-lastobot/Pods-lastobot.release.xcconfig"; sourceTree = "<group>"; };
		8EE5A5AE277BBB31B332D9A4 /* Pods_lastobot.framework */ = {isa = PBXFileReference; explicitFileType = wrapper.framework; includeInIndex = 0; path = Pods_lastobot.framework; sourceTree = BUILT_PRODUCTS_DIR; };
		A884A5265681FC02BD465A9F /* Pods-lastobot.debug.xcconfig */ = {isa = PBXFileReference; includeInIndex = 1; lastKnownFileType = text.xcconfig; name = "Pods-lastobot.debug.xcconfig"; path = "Target Support Files/Pods-lastobot/Pods-lastobot.debug.xcconfig"; sourceTree = "<group>"; };
		C9C4507F6CFB5777B934F165 /* BotCommands.swift */ = {isa = PBXFileReference; fileEncoding = 4; lastKnownFileType = sourcecode.swift; path = BotCommands.swift; sourceTree = "<group>"; };
		C9C45190620DD538E12B7B0D /* GameModel.swift */ = {isa = PBXFileReference; fileEncoding = 4; lastKnownFileType = sourcecode.swift; path = GameModel.swift; sourceTree = "<group>"; };
		C9C452A273B950449F65B6EB /* IcqApiHandler.swift */ = {isa = PBXFileReference; fileEncoding = 4; lastKnownFileType = sourcecode.swift; path = IcqApiHandler.swift; sourceTree = "<group>"; };
		C9C4537102E9C9FDEBEA794B /* Bot.swift */ = {isa = PBXFileReference; fileEncoding = 4; lastKnownFileType = sourcecode.swift; path = Bot.swift; sourceTree = "<group>"; };
		C9C4547F1BCB159E72524405 /* Event.swift */ = {isa = PBXFileReference; fileEncoding = 4; lastKnownFileType = sourcecode.swift; path = Event.swift; sourceTree = "<group>"; };
		C9C45769568C69FE5F8FE75F /* .gitignore */ = {isa = PBXFileReference; lastKnownFileType = file.gitignore; path = .gitignore; sourceTree = "<group>"; };
		C9C457E35EEC46F25216E3AC /* lastobot */ = {isa = PBXFileReference; explicitFileType = "compiled.mach-o.executable"; includeInIndex = 0; path = lastobot; sourceTree = BUILT_PRODUCTS_DIR; };
		C9C45E50374EC34858E6D6F8 /* main.swift */ = {isa = PBXFileReference; fileEncoding = 4; lastKnownFileType = sourcecode.swift; path = main.swift; sourceTree = "<group>"; };
		C9C45FAB4653DA28CD5EC102 /* TextMessage.swift */ = {isa = PBXFileReference; fileEncoding = 4; lastKnownFileType = sourcecode.swift; path = TextMessage.swift; sourceTree = "<group>"; };
		C9C45FAE807CC00F31DBCB8C /* Game.swift */ = {isa = PBXFileReference; fileEncoding = 4; lastKnownFileType = sourcecode.swift; path = Game.swift; sourceTree = "<group>"; };
/* End PBXFileReference section */

/* Begin PBXFrameworksBuildPhase section */
		C9C450C4A1022B7EEECD683B /* Frameworks */ = {
			isa = PBXFrameworksBuildPhase;
			buildActionMask = 2147483647;
			files = (
				F0C96AFFC35E8175D684B4BB /* Pods_lastobot.framework in Frameworks */,
			);
			runOnlyForDeploymentPostprocessing = 0;
		};
/* End PBXFrameworksBuildPhase section */

/* Begin PBXGroup section */
		C5A7A65AEDB5316DCEEFC1BA /* Frameworks */ = {
			isa = PBXGroup;
			children = (
				8EE5A5AE277BBB31B332D9A4 /* Pods_lastobot.framework */,
			);
			name = Frameworks;
			sourceTree = "<group>";
		};
		C9C45785BE7EA4F596FF289D = {
			isa = PBXGroup;
			children = (
				C9C45F616073A874384D01C0 /* Products */,
				EF5A7BC09FE25B8F7043D3A8 /* Pods */,
				C5A7A65AEDB5316DCEEFC1BA /* Frameworks */,
				C9C45769568C69FE5F8FE75F /* .gitignore */,
				C9C45F24E86CB53D489335FF /* Sources */,
			);
			sourceTree = "<group>";
		};
		C9C45D5D822D36549BE6FF9D /* lastobot */ = {
			isa = PBXGroup;
			children = (
				C9C4537102E9C9FDEBEA794B /* Bot.swift */,
				C9C45FAE807CC00F31DBCB8C /* Game.swift */,
				C9C45190620DD538E12B7B0D /* GameModel.swift */,
				C9C4507F6CFB5777B934F165 /* BotCommands.swift */,
				C9C4547F1BCB159E72524405 /* Event.swift */,
				C9C452A273B950449F65B6EB /* IcqApiHandler.swift */,
				C9C45FAB4653DA28CD5EC102 /* TextMessage.swift */,
				C9C45E50374EC34858E6D6F8 /* main.swift */,
			);
			path = lastobot;
			sourceTree = "<group>";
		};
		C9C45F24E86CB53D489335FF /* Sources */ = {
			isa = PBXGroup;
			children = (
				C9C45D5D822D36549BE6FF9D /* lastobot */,
			);
			path = Sources;
			sourceTree = "<group>";
		};
		C9C45F616073A874384D01C0 /* Products */ = {
			isa = PBXGroup;
			children = (
				C9C457E35EEC46F25216E3AC /* lastobot */,
			);
			name = Products;
			sourceTree = "<group>";
		};
		EF5A7BC09FE25B8F7043D3A8 /* Pods */ = {
			isa = PBXGroup;
			children = (
				A884A5265681FC02BD465A9F /* Pods-lastobot.debug.xcconfig */,
				17295AE4D3584C2AA84C874F /* Pods-lastobot.release.xcconfig */,
			);
			name = Pods;
			path = Pods;
			sourceTree = "<group>";
		};
/* End PBXGroup section */

/* Begin PBXNativeTarget section */
		C9C45465291C95FFD11D304B /* lastobot */ = {
			isa = PBXNativeTarget;
			buildConfigurationList = C9C45FD267CC8B801CD5D807 /* Build configuration list for PBXNativeTarget "lastobot" */;
			buildPhases = (
				725AF43F824CE85378383B6F /* [CP] Check Pods Manifest.lock */,
				C9C4589BF7296365B8DE42E9 /* Sources */,
				C9C450C4A1022B7EEECD683B /* Frameworks */,
				C9C45E5247E48354F70231A8 /* CopyFiles */,
			);
			buildRules = (
			);
			dependencies = (
			);
			name = lastobot;
			productName = lastobot;
			productReference = C9C457E35EEC46F25216E3AC /* lastobot */;
			productType = "com.apple.product-type.tool";
		};
/* End PBXNativeTarget section */

/* Begin PBXProject section */
		C9C4590F1B5A4F8853DBA665 /* Project object */ = {
			isa = PBXProject;
			attributes = {
				ORGANIZATIONNAME = milonmusk;
			};
			buildConfigurationList = C9C4527CD2611B6F540C60E6 /* Build configuration list for PBXProject "lastobot" */;
			compatibilityVersion = "Xcode 3.2";
			developmentRegion = English;
			hasScannedForEncodings = 0;
			knownRegions = (
				en,
			);
			mainGroup = C9C45785BE7EA4F596FF289D;
			productRefGroup = C9C45F616073A874384D01C0 /* Products */;
			projectDirPath = "";
			projectRoot = "";
			targets = (
				C9C45465291C95FFD11D304B /* lastobot */,
			);
		};
/* End PBXProject section */

/* Begin PBXShellScriptBuildPhase section */
		725AF43F824CE85378383B6F /* [CP] Check Pods Manifest.lock */ = {
			isa = PBXShellScriptBuildPhase;
			buildActionMask = 2147483647;
			files = (
			);
			inputFileListPaths = (
			);
			inputPaths = (
				"${PODS_PODFILE_DIR_PATH}/Podfile.lock",
				"${PODS_ROOT}/Manifest.lock",
			);
			name = "[CP] Check Pods Manifest.lock";
			outputFileListPaths = (
			);
			outputPaths = (
				"$(DERIVED_FILE_DIR)/Pods-lastobot-checkManifestLockResult.txt",
			);
			runOnlyForDeploymentPostprocessing = 0;
			shellPath = /bin/sh;
			shellScript = "diff \"${PODS_PODFILE_DIR_PATH}/Podfile.lock\" \"${PODS_ROOT}/Manifest.lock\" > /dev/null\nif [ $? != 0 ] ; then\n    # print error to STDERR\n    echo \"error: The sandbox is not in sync with the Podfile.lock. Run 'pod install' or update your CocoaPods installation.\" >&2\n    exit 1\nfi\n# This output is used by Xcode 'outputs' to avoid re-running this script phase.\necho \"SUCCESS\" > \"${SCRIPT_OUTPUT_FILE_0}\"\n";
			showEnvVarsInLog = 0;
		};
/* End PBXShellScriptBuildPhase section */

/* Begin PBXSourcesBuildPhase section */
		C9C4589BF7296365B8DE42E9 /* Sources */ = {
			isa = PBXSourcesBuildPhase;
			buildActionMask = 2147483647;
			files = (
				C9C45CA160707B978D7AD522 /* Bot.swift in Sources */,
				C9C455343D39939C08736F60 /* Game.swift in Sources */,
				C9C45C403F4F83A05BC643DE /* GameModel.swift in Sources */,
				C9C454C60F723E5AFA11F7B7 /* BotCommands.swift in Sources */,
				C9C45CCA7A281CFF517E9B85 /* Event.swift in Sources */,
				C9C4571D82BA5766CEFA716C /* IcqApiHandler.swift in Sources */,
				C9C45278C18D240E8D7B94DB /* TextMessage.swift in Sources */,
				C9C45478EC04698409888BD6 /* main.swift in Sources */,
			);
			runOnlyForDeploymentPostprocessing = 0;
		};
/* End PBXSourcesBuildPhase section */

/* Begin XCBuildConfiguration section */
		C9C4564B1AD69A4804934396 /* Release */ = {
			isa = XCBuildConfiguration;
			baseConfigurationReference = 17295AE4D3584C2AA84C874F /* Pods-lastobot.release.xcconfig */;
			buildSettings = {
				PRODUCT_NAME = "$(TARGET_NAME)";
				SWIFT_VERSION = 5.0;
			};
			name = Release;
		};
		C9C459BAEFD5C6A4109D6765 /* Debug */ = {
			isa = XCBuildConfiguration;
			buildSettings = {
				ALWAYS_SEARCH_USER_PATHS = NO;
				CLANG_ANALYZER_NONNULL = YES;
				CLANG_ANALYZER_NUMBER_OBJECT_CONVERSION = YES_AGGRESSIVE;
				CLANG_CXX_LANGUAGE_STANDARD = "gnu++14";
				CLANG_CXX_LIBRARY = "libc++";
				CLANG_ENABLE_MODULES = YES;
				CLANG_ENABLE_OBJC_ARC = YES;
				CLANG_ENABLE_OBJC_WEAK = YES;
				CLANG_WARN_BLOCK_CAPTURE_AUTORELEASING = YES;
				CLANG_WARN_BOOL_CONVERSION = YES;
				CLANG_WARN_COMMA = YES;
				CLANG_WARN_CONSTANT_CONVERSION = YES;
				CLANG_WARN_DEPRECATED_OBJC_IMPLEMENTATIONS = YES;
				CLANG_WARN_DIRECT_OBJC_ISA_USAGE = YES_ERROR;
				CLANG_WARN_DOCUMENTATION_COMMENTS = YES;
				CLANG_WARN_EMPTY_BODY = YES;
				CLANG_WARN_ENUM_CONVERSION = YES;
				CLANG_WARN_INFINITE_RECURSION = YES;
				CLANG_WARN_INT_CONVERSION = YES;
				CLANG_WARN_NON_LITERAL_NULL_CONVERSION = YES;
				CLANG_WARN_OBJC_IMPLICIT_RETAIN_SELF = YES;
				CLANG_WARN_OBJC_LITERAL_CONVERSION = YES;
				CLANG_WARN_OBJC_ROOT_CLASS = YES_ERROR;
				CLANG_WARN_RANGE_LOOP_ANALYSIS = YES;
				CLANG_WARN_STRICT_PROTOTYPES = YES;
				CLANG_WARN_SUSPICIOUS_MOVE = YES;
				CLANG_WARN_UNGUARDED_AVAILABILITY = YES_AGGRESSIVE;
				CLANG_WARN_UNREACHABLE_CODE = YES;
				CLANG_WARN__DUPLICATE_METHOD_MATCH = YES;
				COPY_PHASE_STRIP = NO;
				DEBUG_INFORMATION_FORMAT = dwarf;
				ENABLE_STRICT_OBJC_MSGSEND = YES;
				ENABLE_TESTABILITY = YES;
				GCC_C_LANGUAGE_STANDARD = gnu11;
				GCC_DYNAMIC_NO_PIC = NO;
				GCC_NO_COMMON_BLOCKS = YES;
				GCC_OPTIMIZATION_LEVEL = 0;
				GCC_PREPROCESSOR_DEFINITIONS = (
					"DEBUG=1",
					"$(inherited)",
				);
				GCC_WARN_64_TO_32_BIT_CONVERSION = YES;
				GCC_WARN_ABOUT_RETURN_TYPE = YES_ERROR;
				GCC_WARN_UNDECLARED_SELECTOR = YES;
				GCC_WARN_UNINITIALIZED_AUTOS = YES_AGGRESSIVE;
				GCC_WARN_UNUSED_FUNCTION = YES;
				GCC_WARN_UNUSED_VARIABLE = YES;
				MACOSX_DEPLOYMENT_TARGET = 10.15;
				MTL_ENABLE_DEBUG_INFO = INCLUDE_SOURCE;
				MTL_FAST_MATH = YES;
				ONLY_ACTIVE_ARCH = YES;
				SDKROOT = macosx;
				SWIFT_ACTIVE_COMPILATION_CONDITIONS = DEBUG;
				SWIFT_OPTIMIZATION_LEVEL = "-Onone";
			};
			name = Debug;
		};
		C9C45A34386A1043EFA75ACA /* Release */ = {
			isa = XCBuildConfiguration;
			buildSettings = {
				ALWAYS_SEARCH_USER_PATHS = NO;
				CLANG_ANALYZER_NONNULL = YES;
				CLANG_ANALYZER_NUMBER_OBJECT_CONVERSION = YES_AGGRESSIVE;
				CLANG_CXX_LANGUAGE_STANDARD = "gnu++14";
				CLANG_CXX_LIBRARY = "libc++";
				CLANG_ENABLE_MODULES = YES;
				CLANG_ENABLE_OBJC_ARC = YES;
				CLANG_ENABLE_OBJC_WEAK = YES;
				CLANG_WARN_BLOCK_CAPTURE_AUTORELEASING = YES;
				CLANG_WARN_BOOL_CONVERSION = YES;
				CLANG_WARN_COMMA = YES;
				CLANG_WARN_CONSTANT_CONVERSION = YES;
				CLANG_WARN_DEPRECATED_OBJC_IMPLEMENTATIONS = YES;
				CLANG_WARN_DIRECT_OBJC_ISA_USAGE = YES_ERROR;
				CLANG_WARN_DOCUMENTATION_COMMENTS = YES;
				CLANG_WARN_EMPTY_BODY = YES;
				CLANG_WARN_ENUM_CONVERSION = YES;
				CLANG_WARN_INFINITE_RECURSION = YES;
				CLANG_WARN_INT_CONVERSION = YES;
				CLANG_WARN_NON_LITERAL_NULL_CONVERSION = YES;
				CLANG_WARN_OBJC_IMPLICIT_RETAIN_SELF = YES;
				CLANG_WARN_OBJC_LITERAL_CONVERSION = YES;
				CLANG_WARN_OBJC_ROOT_CLASS = YES_ERROR;
				CLANG_WARN_RANGE_LOOP_ANALYSIS = YES;
				CLANG_WARN_STRICT_PROTOTYPES = YES;
				CLANG_WARN_SUSPICIOUS_MOVE = YES;
				CLANG_WARN_UNGUARDED_AVAILABILITY = YES_AGGRESSIVE;
				CLANG_WARN_UNREACHABLE_CODE = YES;
				CLANG_WARN__DUPLICATE_METHOD_MATCH = YES;
				COPY_PHASE_STRIP = NO;
				DEBUG_INFORMATION_FORMAT = "dwarf-with-dsym";
				ENABLE_NS_ASSERTIONS = NO;
				ENABLE_STRICT_OBJC_MSGSEND = YES;
				GCC_C_LANGUAGE_STANDARD = gnu11;
				GCC_NO_COMMON_BLOCKS = YES;
				GCC_WARN_64_TO_32_BIT_CONVERSION = YES;
				GCC_WARN_ABOUT_RETURN_TYPE = YES_ERROR;
				GCC_WARN_UNDECLARED_SELECTOR = YES;
				GCC_WARN_UNINITIALIZED_AUTOS = YES_AGGRESSIVE;
				GCC_WARN_UNUSED_FUNCTION = YES;
				GCC_WARN_UNUSED_VARIABLE = YES;
				MACOSX_DEPLOYMENT_TARGET = 10.15;
				MTL_ENABLE_DEBUG_INFO = NO;
				MTL_FAST_MATH = YES;
				SDKROOT = macosx;
				SWIFT_COMPILATION_MODE = wholemodule;
				SWIFT_OPTIMIZATION_LEVEL = "-O";
			};
			name = Release;
		};
		C9C45C8FF007A07781CC734A /* Debug */ = {
			isa = XCBuildConfiguration;
			baseConfigurationReference = A884A5265681FC02BD465A9F /* Pods-lastobot.debug.xcconfig */;
			buildSettings = {
				PRODUCT_NAME = "$(TARGET_NAME)";
				SWIFT_VERSION = 5.0;
			};
			name = Debug;
		};
/* End XCBuildConfiguration section */

/* Begin XCConfigurationList section */
		C9C4527CD2611B6F540C60E6 /* Build configuration list for PBXProject "lastobot" */ = {
			isa = XCConfigurationList;
			buildConfigurations = (
				C9C459BAEFD5C6A4109D6765 /* Debug */,
				C9C45A34386A1043EFA75ACA /* Release */,
			);
			defaultConfigurationIsVisible = 0;
			defaultConfigurationName = Release;
		};
		C9C45FD267CC8B801CD5D807 /* Build configuration list for PBXNativeTarget "lastobot" */ = {
			isa = XCConfigurationList;
			buildConfigurations = (
				C9C45C8FF007A07781CC734A /* Debug */,
				C9C4564B1AD69A4804934396 /* Release */,
			);
			defaultConfigurationIsVisible = 0;
		};
/* End XCConfigurationList section */
	};
	rootObject = C9C4590F1B5A4F8853DBA665 /* Project object */;
}
